// !$*UTF8*$!
{
	archiveVersion = 1;
	classes = {
	};
	objectVersion = 55;
	objects = {

/* Begin PBXBuildFile section */
		AB61CD38114BF7864419EE0A /* Pods_MovieApp2.framework in Frameworks */ = {isa = PBXBuildFile; fileRef = DCC15DB4FFE75671B71CC665 /* Pods_MovieApp2.framework */; };
		DF8EAAC728FC6F1600A101E8 /* moviecutAnimation.json in Resources */ = {isa = PBXBuildFile; fileRef = DF8EAAC628FC6F1600A101E8 /* moviecutAnimation.json */; };
		DF8EAAC928FC6F1E00A101E8 /* movieAnimation.json in Resources */ = {isa = PBXBuildFile; fileRef = DF8EAAC828FC6F1E00A101E8 /* movieAnimation.json */; };
		DF8EAADF28FC845600A101E8 /* MovieApp2Tests.swift in Sources */ = {isa = PBXBuildFile; fileRef = DF8EAADE28FC845600A101E8 /* MovieApp2Tests.swift */; };
		DF8EAAEC28FC84A800A101E8 /* MovieApp2UITests.swift in Sources */ = {isa = PBXBuildFile; fileRef = DF8EAAEB28FC84A800A101E8 /* MovieApp2UITests.swift */; };
		DF8EAAEE28FC84A800A101E8 /* MovieApp2UITestsLaunchTests.swift in Sources */ = {isa = PBXBuildFile; fileRef = DF8EAAED28FC84A800A101E8 /* MovieApp2UITestsLaunchTests.swift */; };
		DFFFC24728FC4C6700688C30 /* AppDelegate.swift in Sources */ = {isa = PBXBuildFile; fileRef = DFFFC24628FC4C6700688C30 /* AppDelegate.swift */; };
		DFFFC24928FC4C6700688C30 /* SceneDelegate.swift in Sources */ = {isa = PBXBuildFile; fileRef = DFFFC24828FC4C6700688C30 /* SceneDelegate.swift */; };
		DFFFC24B28FC4C6700688C30 /* HomeViewController.swift in Sources */ = {isa = PBXBuildFile; fileRef = DFFFC24A28FC4C6700688C30 /* HomeViewController.swift */; };
		DFFFC24E28FC4C6700688C30 /* Main.storyboard in Resources */ = {isa = PBXBuildFile; fileRef = DFFFC24C28FC4C6700688C30 /* Main.storyboard */; };
		DFFFC25128FC4C6700688C30 /* MovieApp2.xcdatamodeld in Sources */ = {isa = PBXBuildFile; fileRef = DFFFC24F28FC4C6700688C30 /* MovieApp2.xcdatamodeld */; };
		DFFFC25328FC4C6700688C30 /* Assets.xcassets in Resources */ = {isa = PBXBuildFile; fileRef = DFFFC25228FC4C6700688C30 /* Assets.xcassets */; };
		DFFFC25628FC4C6700688C30 /* LaunchScreen.storyboard in Resources */ = {isa = PBXBuildFile; fileRef = DFFFC25428FC4C6700688C30 /* LaunchScreen.storyboard */; };
		DFFFC25E28FC4EF600688C30 /* HomeCollectionViewCell.swift in Sources */ = {isa = PBXBuildFile; fileRef = DFFFC25D28FC4EF600688C30 /* HomeCollectionViewCell.swift */; };
		DFFFC26028FC505200688C30 /* DetailViewController.swift in Sources */ = {isa = PBXBuildFile; fileRef = DFFFC25F28FC505200688C30 /* DetailViewController.swift */; };
		DFFFC26328FC54B700688C30 /* MovieViewModel.swift in Sources */ = {isa = PBXBuildFile; fileRef = DFFFC26228FC54B700688C30 /* MovieViewModel.swift */; };
		DFFFC26528FC54C800688C30 /* MovieDetailViewModel.swift in Sources */ = {isa = PBXBuildFile; fileRef = DFFFC26428FC54C800688C30 /* MovieDetailViewModel.swift */; };
		DFFFC26728FC54D800688C30 /* MovieViewModelOutput.swift in Sources */ = {isa = PBXBuildFile; fileRef = DFFFC26628FC54D800688C30 /* MovieViewModelOutput.swift */; };
		DFFFC26B28FC552100688C30 /* SearchModel.swift in Sources */ = {isa = PBXBuildFile; fileRef = DFFFC26A28FC552100688C30 /* SearchModel.swift */; };
		DFFFC26D28FC552E00688C30 /* DetailModel.swift in Sources */ = {isa = PBXBuildFile; fileRef = DFFFC26C28FC552E00688C30 /* DetailModel.swift */; };
		DFFFC26F28FC553900688C30 /* ErrorModel.swift in Sources */ = {isa = PBXBuildFile; fileRef = DFFFC26E28FC553900688C30 /* ErrorModel.swift */; };
		DFFFC27228FC558300688C30 /* NetworkManager.swift in Sources */ = {isa = PBXBuildFile; fileRef = DFFFC27128FC558300688C30 /* NetworkManager.swift */; };
		DFFFC27428FC559000688C30 /* ListMovieData.swift in Sources */ = {isa = PBXBuildFile; fileRef = DFFFC27328FC559000688C30 /* ListMovieData.swift */; };
/* End PBXBuildFile section */

/* Begin PBXContainerItemProxy section */
		DF8EAAE028FC845600A101E8 /* PBXContainerItemProxy */ = {
			isa = PBXContainerItemProxy;
			containerPortal = DFFFC23B28FC4C6700688C30 /* Project object */;
			proxyType = 1;
			remoteGlobalIDString = DFFFC24228FC4C6700688C30;
			remoteInfo = MovieApp2;
		};
		DF8EAAEF28FC84A800A101E8 /* PBXContainerItemProxy */ = {
			isa = PBXContainerItemProxy;
			containerPortal = DFFFC23B28FC4C6700688C30 /* Project object */;
			proxyType = 1;
			remoteGlobalIDString = DFFFC24228FC4C6700688C30;
			remoteInfo = MovieApp2;
		};
/* End PBXContainerItemProxy section */

/* Begin PBXFileReference section */
		83DDE244965606730EB84FE5 /* Pods-MovieApp2.debug.xcconfig */ = {isa = PBXFileReference; includeInIndex = 1; lastKnownFileType = text.xcconfig; name = "Pods-MovieApp2.debug.xcconfig"; path = "Target Support Files/Pods-MovieApp2/Pods-MovieApp2.debug.xcconfig"; sourceTree = "<group>"; };
		A5D0D8EF965B66A42C6E6ADD /* Pods-MovieApp2.release.xcconfig */ = {isa = PBXFileReference; includeInIndex = 1; lastKnownFileType = text.xcconfig; name = "Pods-MovieApp2.release.xcconfig"; path = "Target Support Files/Pods-MovieApp2/Pods-MovieApp2.release.xcconfig"; sourceTree = "<group>"; };
		DCC15DB4FFE75671B71CC665 /* Pods_MovieApp2.framework */ = {isa = PBXFileReference; explicitFileType = wrapper.framework; includeInIndex = 0; path = Pods_MovieApp2.framework; sourceTree = BUILT_PRODUCTS_DIR; };
		DF8EAAC628FC6F1600A101E8 /* moviecutAnimation.json */ = {isa = PBXFileReference; fileEncoding = 4; lastKnownFileType = text.json; path = moviecutAnimation.json; sourceTree = "<group>"; };
		DF8EAAC828FC6F1E00A101E8 /* movieAnimation.json */ = {isa = PBXFileReference; fileEncoding = 4; lastKnownFileType = text.json; path = movieAnimation.json; sourceTree = "<group>"; };
		DF8EAADC28FC845600A101E8 /* MovieApp2Tests.xctest */ = {isa = PBXFileReference; explicitFileType = wrapper.cfbundle; includeInIndex = 0; path = MovieApp2Tests.xctest; sourceTree = BUILT_PRODUCTS_DIR; };
		DF8EAADE28FC845600A101E8 /* MovieApp2Tests.swift */ = {isa = PBXFileReference; lastKnownFileType = sourcecode.swift; path = MovieApp2Tests.swift; sourceTree = "<group>"; };
		DF8EAAE928FC84A800A101E8 /* MovieApp2UITests.xctest */ = {isa = PBXFileReference; explicitFileType = wrapper.cfbundle; includeInIndex = 0; path = MovieApp2UITests.xctest; sourceTree = BUILT_PRODUCTS_DIR; };
		DF8EAAEB28FC84A800A101E8 /* MovieApp2UITests.swift */ = {isa = PBXFileReference; lastKnownFileType = sourcecode.swift; path = MovieApp2UITests.swift; sourceTree = "<group>"; };
		DF8EAAED28FC84A800A101E8 /* MovieApp2UITestsLaunchTests.swift */ = {isa = PBXFileReference; lastKnownFileType = sourcecode.swift; path = MovieApp2UITestsLaunchTests.swift; sourceTree = "<group>"; };
		DFFFC24328FC4C6700688C30 /* MovieApp2.app */ = {isa = PBXFileReference; explicitFileType = wrapper.application; includeInIndex = 0; path = MovieApp2.app; sourceTree = BUILT_PRODUCTS_DIR; };
		DFFFC24628FC4C6700688C30 /* AppDelegate.swift */ = {isa = PBXFileReference; lastKnownFileType = sourcecode.swift; path = AppDelegate.swift; sourceTree = "<group>"; };
		DFFFC24828FC4C6700688C30 /* SceneDelegate.swift */ = {isa = PBXFileReference; lastKnownFileType = sourcecode.swift; path = SceneDelegate.swift; sourceTree = "<group>"; };
		DFFFC24A28FC4C6700688C30 /* HomeViewController.swift */ = {isa = PBXFileReference; lastKnownFileType = sourcecode.swift; path = HomeViewController.swift; sourceTree = "<group>"; };
		DFFFC24D28FC4C6700688C30 /* Base */ = {isa = PBXFileReference; lastKnownFileType = file.storyboard; name = Base; path = Base.lproj/Main.storyboard; sourceTree = "<group>"; };
		DFFFC25028FC4C6700688C30 /* MovieApp2.xcdatamodel */ = {isa = PBXFileReference; lastKnownFileType = wrapper.xcdatamodel; path = MovieApp2.xcdatamodel; sourceTree = "<group>"; };
		DFFFC25228FC4C6700688C30 /* Assets.xcassets */ = {isa = PBXFileReference; lastKnownFileType = folder.assetcatalog; path = Assets.xcassets; sourceTree = "<group>"; };
		DFFFC25528FC4C6700688C30 /* Base */ = {isa = PBXFileReference; lastKnownFileType = file.storyboard; name = Base; path = Base.lproj/LaunchScreen.storyboard; sourceTree = "<group>"; };
		DFFFC25728FC4C6700688C30 /* Info.plist */ = {isa = PBXFileReference; lastKnownFileType = text.plist.xml; path = Info.plist; sourceTree = "<group>"; };
		DFFFC25D28FC4EF600688C30 /* HomeCollectionViewCell.swift */ = {isa = PBXFileReference; lastKnownFileType = sourcecode.swift; path = HomeCollectionViewCell.swift; sourceTree = "<group>"; };
		DFFFC25F28FC505200688C30 /* DetailViewController.swift */ = {isa = PBXFileReference; lastKnownFileType = sourcecode.swift; path = DetailViewController.swift; sourceTree = "<group>"; };
		DFFFC26228FC54B700688C30 /* MovieViewModel.swift */ = {isa = PBXFileReference; lastKnownFileType = sourcecode.swift; path = MovieViewModel.swift; sourceTree = "<group>"; };
		DFFFC26428FC54C800688C30 /* MovieDetailViewModel.swift */ = {isa = PBXFileReference; lastKnownFileType = sourcecode.swift; path = MovieDetailViewModel.swift; sourceTree = "<group>"; };
		DFFFC26628FC54D800688C30 /* MovieViewModelOutput.swift */ = {isa = PBXFileReference; lastKnownFileType = sourcecode.swift; path = MovieViewModelOutput.swift; sourceTree = "<group>"; };
		DFFFC26A28FC552100688C30 /* SearchModel.swift */ = {isa = PBXFileReference; lastKnownFileType = sourcecode.swift; path = SearchModel.swift; sourceTree = "<group>"; };
		DFFFC26C28FC552E00688C30 /* DetailModel.swift */ = {isa = PBXFileReference; lastKnownFileType = sourcecode.swift; path = DetailModel.swift; sourceTree = "<group>"; };
		DFFFC26E28FC553900688C30 /* ErrorModel.swift */ = {isa = PBXFileReference; lastKnownFileType = sourcecode.swift; path = ErrorModel.swift; sourceTree = "<group>"; };
		DFFFC27128FC558300688C30 /* NetworkManager.swift */ = {isa = PBXFileReference; lastKnownFileType = sourcecode.swift; path = NetworkManager.swift; sourceTree = "<group>"; };
		DFFFC27328FC559000688C30 /* ListMovieData.swift */ = {isa = PBXFileReference; lastKnownFileType = sourcecode.swift; path = ListMovieData.swift; sourceTree = "<group>"; };
/* End PBXFileReference section */

/* Begin PBXFrameworksBuildPhase section */
		DF8EAAD928FC845600A101E8 /* Frameworks */ = {
			isa = PBXFrameworksBuildPhase;
			buildActionMask = 2147483647;
			files = (
			);
			runOnlyForDeploymentPostprocessing = 0;
		};
		DF8EAAE628FC84A800A101E8 /* Frameworks */ = {
			isa = PBXFrameworksBuildPhase;
			buildActionMask = 2147483647;
			files = (
			);
			runOnlyForDeploymentPostprocessing = 0;
		};
		DFFFC24028FC4C6700688C30 /* Frameworks */ = {
			isa = PBXFrameworksBuildPhase;
			buildActionMask = 2147483647;
			files = (
				AB61CD38114BF7864419EE0A /* Pods_MovieApp2.framework in Frameworks */,
			);
			runOnlyForDeploymentPostprocessing = 0;
		};
/* End PBXFrameworksBuildPhase section */

/* Begin PBXGroup section */
		15858B6270CA5B20D16748D0 /* Pods */ = {
			isa = PBXGroup;
			children = (
				83DDE244965606730EB84FE5 /* Pods-MovieApp2.debug.xcconfig */,
				A5D0D8EF965B66A42C6E6ADD /* Pods-MovieApp2.release.xcconfig */,
			);
			path = Pods;
			sourceTree = "<group>";
		};
		419F9DAF1EF960142CE75CC4 /* Frameworks */ = {
			isa = PBXGroup;
			children = (
				DCC15DB4FFE75671B71CC665 /* Pods_MovieApp2.framework */,
			);
			name = Frameworks;
			sourceTree = "<group>";
		};
		DF8EAAC528FC6F0B00A101E8 /* Animations */ = {
			isa = PBXGroup;
			children = (
				DF8EAAC628FC6F1600A101E8 /* moviecutAnimation.json */,
				DF8EAAC828FC6F1E00A101E8 /* movieAnimation.json */,
			);
			path = Animations;
			sourceTree = "<group>";
		};
		DF8EAADD28FC845600A101E8 /* MovieApp2Tests */ = {
			isa = PBXGroup;
			children = (
				DF8EAADE28FC845600A101E8 /* MovieApp2Tests.swift */,
			);
			path = MovieApp2Tests;
			sourceTree = "<group>";
		};
		DF8EAAEA28FC84A800A101E8 /* MovieApp2UITests */ = {
			isa = PBXGroup;
			children = (
				DF8EAAEB28FC84A800A101E8 /* MovieApp2UITests.swift */,
				DF8EAAED28FC84A800A101E8 /* MovieApp2UITestsLaunchTests.swift */,
			);
			path = MovieApp2UITests;
			sourceTree = "<group>";
		};
		DFFFC23A28FC4C6700688C30 = {
			isa = PBXGroup;
			children = (
				DFFFC24528FC4C6700688C30 /* MovieApp2 */,
				DF8EAADD28FC845600A101E8 /* MovieApp2Tests */,
				DF8EAAEA28FC84A800A101E8 /* MovieApp2UITests */,
				DFFFC24428FC4C6700688C30 /* Products */,
				15858B6270CA5B20D16748D0 /* Pods */,
				419F9DAF1EF960142CE75CC4 /* Frameworks */,
			);
			sourceTree = "<group>";
		};
		DFFFC24428FC4C6700688C30 /* Products */ = {
			isa = PBXGroup;
			children = (
				DFFFC24328FC4C6700688C30 /* MovieApp2.app */,
				DF8EAADC28FC845600A101E8 /* MovieApp2Tests.xctest */,
				DF8EAAE928FC84A800A101E8 /* MovieApp2UITests.xctest */,
			);
			name = Products;
			sourceTree = "<group>";
		};
		DFFFC24528FC4C6700688C30 /* MovieApp2 */ = {
			isa = PBXGroup;
			children = (
				DF8EAAC528FC6F0B00A101E8 /* Animations */,
				DFFFC27028FC557500688C30 /* Service */,
				DFFFC26928FC550F00688C30 /* Model */,
				DFFFC26828FC54EB00688C30 /* View */,
				DFFFC26128FC54A000688C30 /* ViewModel */,
				DFFFC24C28FC4C6700688C30 /* Main.storyboard */,
				DFFFC25228FC4C6700688C30 /* Assets.xcassets */,
				DFFFC25428FC4C6700688C30 /* LaunchScreen.storyboard */,
				DFFFC25728FC4C6700688C30 /* Info.plist */,
				DFFFC24F28FC4C6700688C30 /* MovieApp2.xcdatamodeld */,
			);
			path = MovieApp2;
			sourceTree = "<group>";
		};
		DFFFC26128FC54A000688C30 /* ViewModel */ = {
			isa = PBXGroup;
			children = (
				DFFFC26228FC54B700688C30 /* MovieViewModel.swift */,
				DFFFC26428FC54C800688C30 /* MovieDetailViewModel.swift */,
				DFFFC26628FC54D800688C30 /* MovieViewModelOutput.swift */,
			);
			path = ViewModel;
			sourceTree = "<group>";
		};
		DFFFC26828FC54EB00688C30 /* View */ = {
			isa = PBXGroup;
			children = (
				DFFFC24628FC4C6700688C30 /* AppDelegate.swift */,
				DFFFC24828FC4C6700688C30 /* SceneDelegate.swift */,
				DFFFC24A28FC4C6700688C30 /* HomeViewController.swift */,
				DFFFC25D28FC4EF600688C30 /* HomeCollectionViewCell.swift */,
				DFFFC25F28FC505200688C30 /* DetailViewController.swift */,
			);
			path = View;
			sourceTree = "<group>";
		};
		DFFFC26928FC550F00688C30 /* Model */ = {
			isa = PBXGroup;
			children = (
				DFFFC26A28FC552100688C30 /* SearchModel.swift */,
				DFFFC26C28FC552E00688C30 /* DetailModel.swift */,
				DFFFC26E28FC553900688C30 /* ErrorModel.swift */,
			);
			path = Model;
			sourceTree = "<group>";
		};
		DFFFC27028FC557500688C30 /* Service */ = {
			isa = PBXGroup;
			children = (
				DFFFC27128FC558300688C30 /* NetworkManager.swift */,
				DFFFC27328FC559000688C30 /* ListMovieData.swift */,
			);
			path = Service;
			sourceTree = "<group>";
		};
/* End PBXGroup section */

/* Begin PBXNativeTarget section */
		DF8EAADB28FC845600A101E8 /* MovieApp2Tests */ = {
			isa = PBXNativeTarget;
			buildConfigurationList = DF8EAAE228FC845600A101E8 /* Build configuration list for PBXNativeTarget "MovieApp2Tests" */;
			buildPhases = (
				DF8EAAD828FC845600A101E8 /* Sources */,
				DF8EAAD928FC845600A101E8 /* Frameworks */,
				DF8EAADA28FC845600A101E8 /* Resources */,
			);
			buildRules = (
			);
			dependencies = (
				DF8EAAE128FC845600A101E8 /* PBXTargetDependency */,
			);
			name = MovieApp2Tests;
			productName = MovieApp2Tests;
			productReference = DF8EAADC28FC845600A101E8 /* MovieApp2Tests.xctest */;
			productType = "com.apple.product-type.bundle.unit-test";
		};
		DF8EAAE828FC84A800A101E8 /* MovieApp2UITests */ = {
			isa = PBXNativeTarget;
			buildConfigurationList = DF8EAAF128FC84A800A101E8 /* Build configuration list for PBXNativeTarget "MovieApp2UITests" */;
			buildPhases = (
				DF8EAAE528FC84A800A101E8 /* Sources */,
				DF8EAAE628FC84A800A101E8 /* Frameworks */,
				DF8EAAE728FC84A800A101E8 /* Resources */,
			);
			buildRules = (
			);
			dependencies = (
				DF8EAAF028FC84A800A101E8 /* PBXTargetDependency */,
			);
			name = MovieApp2UITests;
			productName = MovieApp2UITests;
			productReference = DF8EAAE928FC84A800A101E8 /* MovieApp2UITests.xctest */;
			productType = "com.apple.product-type.bundle.ui-testing";
		};
		DFFFC24228FC4C6700688C30 /* MovieApp2 */ = {
			isa = PBXNativeTarget;
			buildConfigurationList = DFFFC25A28FC4C6700688C30 /* Build configuration list for PBXNativeTarget "MovieApp2" */;
			buildPhases = (
				3C4DD4E24B9224DECC36C502 /* [CP] Check Pods Manifest.lock */,
				DFFFC23F28FC4C6700688C30 /* Sources */,
				DFFFC24028FC4C6700688C30 /* Frameworks */,
				DFFFC24128FC4C6700688C30 /* Resources */,
				E0D1B98853ED649ED1F946D9 /* [CP] Embed Pods Frameworks */,
			);
			buildRules = (
			);
			dependencies = (
			);
			name = MovieApp2;
			productName = MovieApp2;
			productReference = DFFFC24328FC4C6700688C30 /* MovieApp2.app */;
			productType = "com.apple.product-type.application";
		};
/* End PBXNativeTarget section */

/* Begin PBXProject section */
		DFFFC23B28FC4C6700688C30 /* Project object */ = {
			isa = PBXProject;
			attributes = {
				BuildIndependentTargetsInParallel = 1;
				LastSwiftUpdateCheck = 1320;
				LastUpgradeCheck = 1320;
				TargetAttributes = {
					DF8EAADB28FC845600A101E8 = {
						CreatedOnToolsVersion = 13.2.1;
						TestTargetID = DFFFC24228FC4C6700688C30;
					};
					DF8EAAE828FC84A800A101E8 = {
						CreatedOnToolsVersion = 13.2.1;
						TestTargetID = DFFFC24228FC4C6700688C30;
					};
					DFFFC24228FC4C6700688C30 = {
						CreatedOnToolsVersion = 13.2.1;
					};
				};
			};
			buildConfigurationList = DFFFC23E28FC4C6700688C30 /* Build configuration list for PBXProject "MovieApp2" */;
			compatibilityVersion = "Xcode 13.0";
			developmentRegion = en;
			hasScannedForEncodings = 0;
			knownRegions = (
				en,
				Base,
			);
			mainGroup = DFFFC23A28FC4C6700688C30;
			productRefGroup = DFFFC24428FC4C6700688C30 /* Products */;
			projectDirPath = "";
			projectRoot = "";
			targets = (
				DFFFC24228FC4C6700688C30 /* MovieApp2 */,
				DF8EAADB28FC845600A101E8 /* MovieApp2Tests */,
				DF8EAAE828FC84A800A101E8 /* MovieApp2UITests */,
			);
		};
/* End PBXProject section */

/* Begin PBXResourcesBuildPhase section */
		DF8EAADA28FC845600A101E8 /* Resources */ = {
			isa = PBXResourcesBuildPhase;
			buildActionMask = 2147483647;
			files = (
			);
			runOnlyForDeploymentPostprocessing = 0;
		};
		DF8EAAE728FC84A800A101E8 /* Resources */ = {
			isa = PBXResourcesBuildPhase;
			buildActionMask = 2147483647;
			files = (
			);
			runOnlyForDeploymentPostprocessing = 0;
		};
		DFFFC24128FC4C6700688C30 /* Resources */ = {
			isa = PBXResourcesBuildPhase;
			buildActionMask = 2147483647;
			files = (
				DFFFC25628FC4C6700688C30 /* LaunchScreen.storyboard in Resources */,
				DFFFC25328FC4C6700688C30 /* Assets.xcassets in Resources */,
				DF8EAAC928FC6F1E00A101E8 /* movieAnimation.json in Resources */,
				DF8EAAC728FC6F1600A101E8 /* moviecutAnimation.json in Resources */,
				DFFFC24E28FC4C6700688C30 /* Main.storyboard in Resources */,
			);
			runOnlyForDeploymentPostprocessing = 0;
		};
/* End PBXResourcesBuildPhase section */

/* Begin PBXShellScriptBuildPhase section */
		3C4DD4E24B9224DECC36C502 /* [CP] Check Pods Manifest.lock */ = {
			isa = PBXShellScriptBuildPhase;
			buildActionMask = 2147483647;
			files = (
			);
			inputFileListPaths = (
			);
			inputPaths = (
				"${PODS_PODFILE_DIR_PATH}/Podfile.lock",
				"${PODS_ROOT}/Manifest.lock",
			);
			name = "[CP] Check Pods Manifest.lock";
			outputFileListPaths = (
			);
			outputPaths = (
				"$(DERIVED_FILE_DIR)/Pods-MovieApp2-checkManifestLockResult.txt",
			);
			runOnlyForDeploymentPostprocessing = 0;
			shellPath = /bin/sh;
			shellScript = "diff \"${PODS_PODFILE_DIR_PATH}/Podfile.lock\" \"${PODS_ROOT}/Manifest.lock\" > /dev/null\nif [ $? != 0 ] ; then\n    # print error to STDERR\n    echo \"error: The sandbox is not in sync with the Podfile.lock. Run 'pod install' or update your CocoaPods installation.\" >&2\n    exit 1\nfi\n# This output is used by Xcode 'outputs' to avoid re-running this script phase.\necho \"SUCCESS\" > \"${SCRIPT_OUTPUT_FILE_0}\"\n";
			showEnvVarsInLog = 0;
		};
		E0D1B98853ED649ED1F946D9 /* [CP] Embed Pods Frameworks */ = {
			isa = PBXShellScriptBuildPhase;
			buildActionMask = 2147483647;
			files = (
			);
			inputFileListPaths = (
				"${PODS_ROOT}/Target Support Files/Pods-MovieApp2/Pods-MovieApp2-frameworks-${CONFIGURATION}-input-files.xcfilelist",
			);
			name = "[CP] Embed Pods Frameworks";
			outputFileListPaths = (
				"${PODS_ROOT}/Target Support Files/Pods-MovieApp2/Pods-MovieApp2-frameworks-${CONFIGURATION}-output-files.xcfilelist",
			);
			runOnlyForDeploymentPostprocessing = 0;
			shellPath = /bin/sh;
			shellScript = "\"${PODS_ROOT}/Target Support Files/Pods-MovieApp2/Pods-MovieApp2-frameworks.sh\"\n";
			showEnvVarsInLog = 0;
		};
/* End PBXShellScriptBuildPhase section */

/* Begin PBXSourcesBuildPhase section */
		DF8EAAD828FC845600A101E8 /* Sources */ = {
			isa = PBXSourcesBuildPhase;
			buildActionMask = 2147483647;
			files = (
				DF8EAADF28FC845600A101E8 /* MovieApp2Tests.swift in Sources */,
			);
			runOnlyForDeploymentPostprocessing = 0;
		};
		DF8EAAE528FC84A800A101E8 /* Sources */ = {
			isa = PBXSourcesBuildPhase;
			buildActionMask = 2147483647;
			files = (
				DF8EAAEE28FC84A800A101E8 /* MovieApp2UITestsLaunchTests.swift in Sources */,
				DF8EAAEC28FC84A800A101E8 /* MovieApp2UITests.swift in Sources */,
			);
			runOnlyForDeploymentPostprocessing = 0;
		};
		DFFFC23F28FC4C6700688C30 /* Sources */ = {
			isa = PBXSourcesBuildPhase;
			buildActionMask = 2147483647;
			files = (
				DFFFC27428FC559000688C30 /* ListMovieData.swift in Sources */,
				DFFFC25E28FC4EF600688C30 /* HomeCollectionViewCell.swift in Sources */,
				DFFFC24B28FC4C6700688C30 /* HomeViewController.swift in Sources */,
				DFFFC25128FC4C6700688C30 /* MovieApp2.xcdatamodeld in Sources */,
				DFFFC27228FC558300688C30 /* NetworkManager.swift in Sources */,
				DFFFC26B28FC552100688C30 /* SearchModel.swift in Sources */,
				DFFFC26028FC505200688C30 /* DetailViewController.swift in Sources */,
				DFFFC26728FC54D800688C30 /* MovieViewModelOutput.swift in Sources */,
				DFFFC26F28FC553900688C30 /* ErrorModel.swift in Sources */,
				DFFFC26528FC54C800688C30 /* MovieDetailViewModel.swift in Sources */,
				DFFFC24728FC4C6700688C30 /* AppDelegate.swift in Sources */,
				DFFFC26328FC54B700688C30 /* MovieViewModel.swift in Sources */,
				DFFFC26D28FC552E00688C30 /* DetailModel.swift in Sources */,
				DFFFC24928FC4C6700688C30 /* SceneDelegate.swift in Sources */,
			);
			runOnlyForDeploymentPostprocessing = 0;
		};
/* End PBXSourcesBuildPhase section */

/* Begin PBXTargetDependency section */
		DF8EAAE128FC845600A101E8 /* PBXTargetDependency */ = {
			isa = PBXTargetDependency;
			target = DFFFC24228FC4C6700688C30 /* MovieApp2 */;
			targetProxy = DF8EAAE028FC845600A101E8 /* PBXContainerItemProxy */;
		};
		DF8EAAF028FC84A800A101E8 /* PBXTargetDependency */ = {
			isa = PBXTargetDependency;
			target = DFFFC24228FC4C6700688C30 /* MovieApp2 */;
			targetProxy = DF8EAAEF28FC84A800A101E8 /* PBXContainerItemProxy */;
		};
/* End PBXTargetDependency section */

/* Begin PBXVariantGroup section */
		DFFFC24C28FC4C6700688C30 /* Main.storyboard */ = {
			isa = PBXVariantGroup;
			children = (
				DFFFC24D28FC4C6700688C30 /* Base */,
			);
			name = Main.storyboard;
			sourceTree = "<group>";
		};
		DFFFC25428FC4C6700688C30 /* LaunchScreen.storyboard */ = {
			isa = PBXVariantGroup;
			children = (
				DFFFC25528FC4C6700688C30 /* Base */,
			);
			name = LaunchScreen.storyboard;
			sourceTree = "<group>";
		};
/* End PBXVariantGroup section */

/* Begin XCBuildConfiguration section */
		DF8EAAE328FC845600A101E8 /* Debug */ = {
			isa = XCBuildConfiguration;
			buildSettings = {
				BUNDLE_LOADER = "$(TEST_HOST)";
				CODE_SIGN_STYLE = Automatic;
				CURRENT_PROJECT_VERSION = 1;
				GENERATE_INFOPLIST_FILE = YES;
				MARKETING_VERSION = 1.0;
				PRODUCT_BUNDLE_IDENTIFIER = furkanaysavki.MovieApp2Tests;
				PRODUCT_NAME = "$(TARGET_NAME)";
				SWIFT_EMIT_LOC_STRINGS = NO;
				SWIFT_VERSION = 5.0;
				TARGETED_DEVICE_FAMILY = "1,2";
				TEST_HOST = "$(BUILT_PRODUCTS_DIR)/MovieApp2.app/MovieApp2";
			};
			name = Debug;
		};
		DF8EAAE428FC845600A101E8 /* Release */ = {
			isa = XCBuildConfiguration;
			buildSettings = {
				BUNDLE_LOADER = "$(TEST_HOST)";
				CODE_SIGN_STYLE = Automatic;
				CURRENT_PROJECT_VERSION = 1;
				GENERATE_INFOPLIST_FILE = YES;
				MARKETING_VERSION = 1.0;
				PRODUCT_BUNDLE_IDENTIFIER = furkanaysavki.MovieApp2Tests;
				PRODUCT_NAME = "$(TARGET_NAME)";
				SWIFT_EMIT_LOC_STRINGS = NO;
				SWIFT_VERSION = 5.0;
				TARGETED_DEVICE_FAMILY = "1,2";
				TEST_HOST = "$(BUILT_PRODUCTS_DIR)/MovieApp2.app/MovieApp2";
			};
			name = Release;
		};
		DF8EAAF228FC84A800A101E8 /* Debug */ = {
			isa = XCBuildConfiguration;
			buildSettings = {
				CODE_SIGN_STYLE = Automatic;
				CURRENT_PROJECT_VERSION = 1;
				GENERATE_INFOPLIST_FILE = YES;
				MARKETING_VERSION = 1.0;
				PRODUCT_BUNDLE_IDENTIFIER = furkanaysavki.MovieApp2UITests;
				PRODUCT_NAME = "$(TARGET_NAME)";
				SWIFT_EMIT_LOC_STRINGS = NO;
				SWIFT_VERSION = 5.0;
				TARGETED_DEVICE_FAMILY = "1,2";
				TEST_TARGET_NAME = MovieApp2;
			};
			name = Debug;
		};
		DF8EAAF328FC84A800A101E8 /* Release */ = {
			isa = XCBuildConfiguration;
			buildSettings = {
				CODE_SIGN_STYLE = Automatic;
				CURRENT_PROJECT_VERSION = 1;
				GENERATE_INFOPLIST_FILE = YES;
				MARKETING_VERSION = 1.0;
				PRODUCT_BUNDLE_IDENTIFIER = furkanaysavki.MovieApp2UITests;
				PRODUCT_NAME = "$(TARGET_NAME)";
				SWIFT_EMIT_LOC_STRINGS = NO;
				SWIFT_VERSION = 5.0;
				TARGETED_DEVICE_FAMILY = "1,2";
				TEST_TARGET_NAME = MovieApp2;
			};
			name = Release;
		};
		DFFFC25828FC4C6700688C30 /* Debug */ = {
			isa = XCBuildConfiguration;
			buildSettings = {
				ALWAYS_SEARCH_USER_PATHS = NO;
				CLANG_ANALYZER_NONNULL = YES;
				CLANG_ANALYZER_NUMBER_OBJECT_CONVERSION = YES_AGGRESSIVE;
				CLANG_CXX_LANGUAGE_STANDARD = "gnu++17";
				CLANG_CXX_LIBRARY = "libc++";
				CLANG_ENABLE_MODULES = YES;
				CLANG_ENABLE_OBJC_ARC = YES;
				CLANG_ENABLE_OBJC_WEAK = YES;
				CLANG_WARN_BLOCK_CAPTURE_AUTORELEASING = YES;
				CLANG_WARN_BOOL_CONVERSION = YES;
				CLANG_WARN_COMMA = YES;
				CLANG_WARN_CONSTANT_CONVERSION = YES;
				CLANG_WARN_DEPRECATED_OBJC_IMPLEMENTATIONS = YES;
				CLANG_WARN_DIRECT_OBJC_ISA_USAGE = YES_ERROR;
				CLANG_WARN_DOCUMENTATION_COMMENTS = YES;
				CLANG_WARN_EMPTY_BODY = YES;
				CLANG_WARN_ENUM_CONVERSION = YES;
				CLANG_WARN_INFINITE_RECURSION = YES;
				CLANG_WARN_INT_CONVERSION = YES;
				CLANG_WARN_NON_LITERAL_NULL_CONVERSION = YES;
				CLANG_WARN_OBJC_IMPLICIT_RETAIN_SELF = YES;
				CLANG_WARN_OBJC_LITERAL_CONVERSION = YES;
				CLANG_WARN_OBJC_ROOT_CLASS = YES_ERROR;
				CLANG_WARN_QUOTED_INCLUDE_IN_FRAMEWORK_HEADER = YES;
				CLANG_WARN_RANGE_LOOP_ANALYSIS = YES;
				CLANG_WARN_STRICT_PROTOTYPES = YES;
				CLANG_WARN_SUSPICIOUS_MOVE = YES;
				CLANG_WARN_UNGUARDED_AVAILABILITY = YES_AGGRESSIVE;
				CLANG_WARN_UNREACHABLE_CODE = YES;
				CLANG_WARN__DUPLICATE_METHOD_MATCH = YES;
				COPY_PHASE_STRIP = NO;
				DEBUG_INFORMATION_FORMAT = dwarf;
				ENABLE_STRICT_OBJC_MSGSEND = YES;
				ENABLE_TESTABILITY = YES;
				GCC_C_LANGUAGE_STANDARD = gnu11;
				GCC_DYNAMIC_NO_PIC = NO;
				GCC_NO_COMMON_BLOCKS = YES;
				GCC_OPTIMIZATION_LEVEL = 0;
				GCC_PREPROCESSOR_DEFINITIONS = (
					"DEBUG=1",
					"$(inherited)",
				);
				GCC_WARN_64_TO_32_BIT_CONVERSION = YES;
				GCC_WARN_ABOUT_RETURN_TYPE = YES_ERROR;
				GCC_WARN_UNDECLARED_SELECTOR = YES;
				GCC_WARN_UNINITIALIZED_AUTOS = YES_AGGRESSIVE;
				GCC_WARN_UNUSED_FUNCTION = YES;
				GCC_WARN_UNUSED_VARIABLE = YES;
				IPHONEOS_DEPLOYMENT_TARGET = 15.2;
				MTL_ENABLE_DEBUG_INFO = INCLUDE_SOURCE;
				MTL_FAST_MATH = YES;
				ONLY_ACTIVE_ARCH = YES;
				SDKROOT = iphoneos;
				SWIFT_ACTIVE_COMPILATION_CONDITIONS = DEBUG;
				SWIFT_OPTIMIZATION_LEVEL = "-Onone";
			};
			name = Debug;
		};
		DFFFC25928FC4C6700688C30 /* Release */ = {
			isa = XCBuildConfiguration;
			buildSettings = {
				ALWAYS_SEARCH_USER_PATHS = NO;
				CLANG_ANALYZER_NONNULL = YES;
				CLANG_ANALYZER_NUMBER_OBJECT_CONVERSION = YES_AGGRESSIVE;
				CLANG_CXX_LANGUAGE_STANDARD = "gnu++17";
				CLANG_CXX_LIBRARY = "libc++";
				CLANG_ENABLE_MODULES = YES;
				CLANG_ENABLE_OBJC_ARC = YES;
				CLANG_ENABLE_OBJC_WEAK = YES;
				CLANG_WARN_BLOCK_CAPTURE_AUTORELEASING = YES;
				CLANG_WARN_BOOL_CONVERSION = YES;
				CLANG_WARN_COMMA = YES;
				CLANG_WARN_CONSTANT_CONVERSION = YES;
				CLANG_WARN_DEPRECATED_OBJC_IMPLEMENTATIONS = YES;
				CLANG_WARN_DIRECT_OBJC_ISA_USAGE = YES_ERROR;
				CLANG_WARN_DOCUMENTATION_COMMENTS = YES;
				CLANG_WARN_EMPTY_BODY = YES;
				CLANG_WARN_ENUM_CONVERSION = YES;
				CLANG_WARN_INFINITE_RECURSION = YES;
				CLANG_WARN_INT_CONVERSION = YES;
				CLANG_WARN_NON_LITERAL_NULL_CONVERSION = YES;
				CLANG_WARN_OBJC_IMPLICIT_RETAIN_SELF = YES;
				CLANG_WARN_OBJC_LITERAL_CONVERSION = YES;
				CLANG_WARN_OBJC_ROOT_CLASS = YES_ERROR;
				CLANG_WARN_QUOTED_INCLUDE_IN_FRAMEWORK_HEADER = YES;
				CLANG_WARN_RANGE_LOOP_ANALYSIS = YES;
				CLANG_WARN_STRICT_PROTOTYPES = YES;
				CLANG_WARN_SUSPICIOUS_MOVE = YES;
				CLANG_WARN_UNGUARDED_AVAILABILITY = YES_AGGRESSIVE;
				CLANG_WARN_UNREACHABLE_CODE = YES;
				CLANG_WARN__DUPLICATE_METHOD_MATCH = YES;
				COPY_PHASE_STRIP = NO;
				DEBUG_INFORMATION_FORMAT = "dwarf-with-dsym";
				ENABLE_NS_ASSERTIONS = NO;
				ENABLE_STRICT_OBJC_MSGSEND = YES;
				GCC_C_LANGUAGE_STANDARD = gnu11;
				GCC_NO_COMMON_BLOCKS = YES;
				GCC_WARN_64_TO_32_BIT_CONVERSION = YES;
				GCC_WARN_ABOUT_RETURN_TYPE = YES_ERROR;
				GCC_WARN_UNDECLARED_SELECTOR = YES;
				GCC_WARN_UNINITIALIZED_AUTOS = YES_AGGRESSIVE;
				GCC_WARN_UNUSED_FUNCTION = YES;
				GCC_WARN_UNUSED_VARIABLE = YES;
				IPHONEOS_DEPLOYMENT_TARGET = 15.2;
				MTL_ENABLE_DEBUG_INFO = NO;
				MTL_FAST_MATH = YES;
				SDKROOT = iphoneos;
				SWIFT_COMPILATION_MODE = wholemodule;
				SWIFT_OPTIMIZATION_LEVEL = "-O";
				VALIDATE_PRODUCT = YES;
			};
			name = Release;
		};
		DFFFC25B28FC4C6700688C30 /* Debug */ = {
			isa = XCBuildConfiguration;
			baseConfigurationReference = 83DDE244965606730EB84FE5 /* Pods-MovieApp2.debug.xcconfig */;
			buildSettings = {
				ASSETCATALOG_COMPILER_APPICON_NAME = AppIcon;
				ASSETCATALOG_COMPILER_GLOBAL_ACCENT_COLOR_NAME = AccentColor;
				CODE_SIGN_STYLE = Automatic;
				CURRENT_PROJECT_VERSION = 1;
				GENERATE_INFOPLIST_FILE = YES;
				INFOPLIST_FILE = MovieApp2/Info.plist;
				INFOPLIST_KEY_UIApplicationSupportsIndirectInputEvents = YES;
				INFOPLIST_KEY_UILaunchStoryboardName = LaunchScreen;
				INFOPLIST_KEY_UIMainStoryboardFile = Main;
				INFOPLIST_KEY_UISupportedInterfaceOrientations_iPad = "UIInterfaceOrientationPortrait UIInterfaceOrientationPortraitUpsideDown UIInterfaceOrientationLandscapeLeft UIInterfaceOrientationLandscapeRight";
				INFOPLIST_KEY_UISupportedInterfaceOrientations_iPhone = "UIInterfaceOrientationPortrait UIInterfaceOrientationLandscapeLeft UIInterfaceOrientationLandscapeRight";
				LD_RUNPATH_SEARCH_PATHS = (
					"$(inherited)",
					"@executable_path/Frameworks",
				);
				MARKETING_VERSION = 1.0;
				PRODUCT_BUNDLE_IDENTIFIER = furkanaysavki.MovieApp2;
				PRODUCT_NAME = "$(TARGET_NAME)";
				SWIFT_EMIT_LOC_STRINGS = YES;
				SWIFT_VERSION = 5.0;
				TARGETED_DEVICE_FAMILY = "1,2";
			};
			name = Debug;
		};
		DFFFC25C28FC4C6700688C30 /* Release */ = {
			isa = XCBuildConfiguration;
			baseConfigurationReference = A5D0D8EF965B66A42C6E6ADD /* Pods-MovieApp2.release.xcconfig */;
			buildSettings = {
				ASSETCATALOG_COMPILER_APPICON_NAME = AppIcon;
				ASSETCATALOG_COMPILER_GLOBAL_ACCENT_COLOR_NAME = AccentColor;
				CODE_SIGN_STYLE = Automatic;
				CURRENT_PROJECT_VERSION = 1;
				GENERATE_INFOPLIST_FILE = YES;
				INFOPLIST_FILE = MovieApp2/Info.plist;
				INFOPLIST_KEY_UIApplicationSupportsIndirectInputEvents = YES;
				INFOPLIST_KEY_UILaunchStoryboardName = LaunchScreen;
				INFOPLIST_KEY_UIMainStoryboardFile = Main;
				INFOPLIST_KEY_UISupportedInterfaceOrientations_iPad = "UIInterfaceOrientationPortrait UIInterfaceOrientationPortraitUpsideDown UIInterfaceOrientationLandscapeLeft UIInterfaceOrientationLandscapeRight";
				INFOPLIST_KEY_UISupportedInterfaceOrientations_iPhone = "UIInterfaceOrientationPortrait UIInterfaceOrientationLandscapeLeft UIInterfaceOrientationLandscapeRight";
				LD_RUNPATH_SEARCH_PATHS = (
					"$(inherited)",
					"@executable_path/Frameworks",
				);
				MARKETING_VERSION = 1.0;
				PRODUCT_BUNDLE_IDENTIFIER = furkanaysavki.MovieApp2;
				PRODUCT_NAME = "$(TARGET_NAME)";
				SWIFT_EMIT_LOC_STRINGS = YES;
				SWIFT_VERSION = 5.0;
				TARGETED_DEVICE_FAMILY = "1,2";
			};
			name = Release;
		};
/* End XCBuildConfiguration section */

/* Begin XCConfigurationList section */
		DF8EAAE228FC845600A101E8 /* Build configuration list for PBXNativeTarget "MovieApp2Tests" */ = {
			isa = XCConfigurationList;
			buildConfigurations = (
				DF8EAAE328FC845600A101E8 /* Debug */,
				DF8EAAE428FC845600A101E8 /* Release */,
			);
			defaultConfigurationIsVisible = 0;
			defaultConfigurationName = Release;
		};
		DF8EAAF128FC84A800A101E8 /* Build configuration list for PBXNativeTarget "MovieApp2UITests" */ = {
			isa = XCConfigurationList;
			buildConfigurations = (
				DF8EAAF228FC84A800A101E8 /* Debug */,
				DF8EAAF328FC84A800A101E8 /* Release */,
			);
			defaultConfigurationIsVisible = 0;
			defaultConfigurationName = Release;
		};
		DFFFC23E28FC4C6700688C30 /* Build configuration list for PBXProject "MovieApp2" */ = {
			isa = XCConfigurationList;
			buildConfigurations = (
				DFFFC25828FC4C6700688C30 /* Debug */,
				DFFFC25928FC4C6700688C30 /* Release */,
			);
			defaultConfigurationIsVisible = 0;
			defaultConfigurationName = Release;
		};
		DFFFC25A28FC4C6700688C30 /* Build configuration list for PBXNativeTarget "MovieApp2" */ = {
			isa = XCConfigurationList;
			buildConfigurations = (
				DFFFC25B28FC4C6700688C30 /* Debug */,
				DFFFC25C28FC4C6700688C30 /* Release */,
			);
			defaultConfigurationIsVisible = 0;
			defaultConfigurationName = Release;
		};
/* End XCConfigurationList section */

/* Begin XCVersionGroup section */
		DFFFC24F28FC4C6700688C30 /* MovieApp2.xcdatamodeld */ = {
			isa = XCVersionGroup;
			children = (
				DFFFC25028FC4C6700688C30 /* MovieApp2.xcdatamodel */,
			);
			currentVersion = DFFFC25028FC4C6700688C30 /* MovieApp2.xcdatamodel */;
			path = MovieApp2.xcdatamodeld;
			sourceTree = "<group>";
			versionGroupType = wrapper.xcdatamodel;
		};
/* End XCVersionGroup section */
	};
	rootObject = DFFFC23B28FC4C6700688C30 /* Project object */;
}
